
Microsoft Visual Studio Solution File, Format Version 12.00
# Visual Studio 14
VisualStudioVersion = 14.0.25123.0
MinimumVisualStudioVersion = 10.0.40219.1
Project("{FAE04EC0-301F-11D3-BF4B-00C04F79EFBC}") = "SampleApp", "SampleApp\SampleApp.csproj", "{7B3F1234-1CFE-4CCF-B1CB-12345F86D6F1}"
EndProject
Project("{FAE04EC0-301F-11D3-BF4B-00C04F79EFBC}") = "Core", "CryManaged\CESharp\Core\Core.csproj", "{7B3F4428-1CFE-4CCF-B1CB-DEFA5F86D6FB}"
EndProject
Global
	GlobalSection(SolutionConfigurationPlatforms) = preSolution
		Debug|x64 = Debug|x64
		Release|x64 = Release|x64
		Debug|x86 = Debug|x86
		Release|x86 = Release|x86
	EndGlobalSection
	GlobalSection(ProjectConfigurationPlatforms) = postSolution
		{7B3F1234-1CFE-4CCF-B1CB-12345F86D6F1}.Debug|x64.ActiveCfg = Debug|x64
		{7B3F1234-1CFE-4CCF-B1CB-12345F86D6F1}.Debug|x64.Build.0 = Debug|x64
		{7B3F1234-1CFE-4CCF-B1CB-12345F86D6F1}.Debug|x86.ActiveCfg = Debug|x86
		{7B3F1234-1CFE-4CCF-B1CB-12345F86D6F1}.Debug|x86.Build.0 = Debug|x86
		{7B3F1234-1CFE-4CCF-B1CB-12345F86D6F1}.Release|x64.ActiveCfg = Release|x64
		{7B3F1234-1CFE-4CCF-B1CB-12345F86D6F1}.Release|x64.Build.0 = Release|x64
		{7B3F1234-1CFE-4CCF-B1CB-12345F86D6F1}.Release|x86.ActiveCfg = Release|x86
		{7B3F1234-1CFE-4CCF-B1CB-12345F86D6F1}.Release|x86.Build.0 = Release|x86
		{7B3F4428-1CFE-4CCF-B1CB-DEFA5F86D6FB}.Debug|x64.ActiveCfg = Debug|x64
		{7B3F4428-1CFE-4CCF-B1CB-DEFA5F86D6FB}.Debug|x64.Build.0 = Debug|x64
		{7B3F4428-1CFE-4CCF-B1CB-DEFA5F86D6FB}.Debug|x86.ActiveCfg = Debug|x86
		{7B3F4428-1CFE-4CCF-B1CB-DEFA5F86D6FB}.Debug|x86.Build.0 = Debug|x86
		{7B3F4428-1CFE-4CCF-B1CB-DEFA5F86D6FB}.Release|x64.ActiveCfg = Release|x64
		{7B3F4428-1CFE-4CCF-B1CB-DEFA5F86D6FB}.Release|x64.Build.0 = Release|x64
		{7B3F4428-1CFE-4CCF-B1CB-DEFA5F86D6FB}.Release|x86.ActiveCfg = Release|x86
		{7B3F4428-1CFE-4CCF-B1CB-DEFA5F86D6FB}.Release|x86.Build.0 = Release|x86
		
	EndGlobalSection
	GlobalSection(SolutionProperties) = preSolution
		HideSolutionNode = FALSE
	EndGlobalSection
EndGlobal
