
Microsoft Visual Studio Solution File, Format Version 12.00
# Visual Studio 14
VisualStudioVersion = 14.0.25123.0
MinimumVisualStudioVersion = 10.0.40219.1
Project("{FAE04EC0-301F-11D3-BF4B-00C04F79EFBC}") = "CESharpProjectType.ProjectType", "CESharpProjectType\CESharpProjectType.ProjectType\CESharpProjectType.ProjectType.csproj", "{E652B2DF-2E0B-4E6A-AB81-72302B38D4C6}"
EndProject
Project("{FAE04EC0-301F-11D3-BF4B-00C04F79EFBC}") = "CESharpProjectType.ProjectTemplate", "CESharpProjectType\CESharpProjectType.ProjectTemplate\CESharpProjectType.ProjectTemplate.csproj", "{C6FD37EE-C85B-41EE-AD77-4E8D725FB430}"
EndProject
Global
	GlobalSection(SolutionConfigurationPlatforms) = preSolution
		Debug|Any CPU = Debug|Any CPU
		Release|Any CPU = Release|Any CPU
	EndGlobalSection
	GlobalSection(ProjectConfigurationPlatforms) = postSolution
		{E652B2DF-2E0B-4E6A-AB81-72302B38D4C6}.Debug|Any CPU.ActiveCfg = Debug|Any CPU
		{E652B2DF-2E0B-4E6A-AB81-72302B38D4C6}.Debug|Any CPU.Build.0 = Debug|Any CPU
		{E652B2DF-2E0B-4E6A-AB81-72302B38D4C6}.Release|Any CPU.ActiveCfg = Release|Any CPU
		{E652B2DF-2E0B-4E6A-AB81-72302B38D4C6}.Release|Any CPU.Build.0 = Release|Any CPU
		{C6FD37EE-C85B-41EE-AD77-4E8D725FB430}.Debug|Any CPU.ActiveCfg = Debug|Any CPU
		{C6FD37EE-C85B-41EE-AD77-4E8D725FB430}.Debug|Any CPU.Build.0 = Debug|Any CPU
		{C6FD37EE-C85B-41EE-AD77-4E8D725FB430}.Release|Any CPU.ActiveCfg = Release|Any CPU
		{C6FD37EE-C85B-41EE-AD77-4E8D725FB430}.Release|Any CPU.Build.0 = Release|Any CPU
	EndGlobalSection
	GlobalSection(SolutionProperties) = preSolution
		HideSolutionNode = FALSE
	EndGlobalSection
EndGlobal
