Microsoft Visual Studio Solution File, Format Version 11.00
# Visual Studio 2010
Project("{8BC9CEB8-8B4A-11D0-8D11-00A0C91BC942}") = "HWScripts", "HWScripts\HWScripts.vcxproj", "{8C9AE270-05BB-4F1B-BFE1-69347BF913A3}"
EndProject
Global
	GlobalSection(SourceCodeControl) = preSolution
		SccNumberOfProjects = 2
		SccProjectName0 = Perforce\u0020Project
		SccLocalPath0 = .
		SccProvider0 = MSSCCI:Perforce\u0020SCM
		CanCheckoutShared = true
		SccProjectUniqueName1 = HWScripts\\HWScripts.vcxproj
		SccLocalPath1 = HWScripts
		CanCheckoutShared = true
	EndGlobalSection
	GlobalSection(SolutionConfigurationPlatforms) = preSolution
		Debug|Win32 = Debug|Win32
		Release|Win32 = Release|Win32
	EndGlobalSection
	GlobalSection(ProjectConfigurationPlatforms) = postSolution
		{8C9AE270-05BB-4F1B-BFE1-69347BF913A3}.Debug|Win32.ActiveCfg = Debug|Win32
		{8C9AE270-05BB-4F1B-BFE1-69347BF913A3}.Debug|Win32.Build.0 = Debug|Win32
		{8C9AE270-05BB-4F1B-BFE1-69347BF913A3}.Release|Win32.ActiveCfg = Release|Win32
		{8C9AE270-05BB-4F1B-BFE1-69347BF913A3}.Release|Win32.Build.0 = Release|Win32
	EndGlobalSection
	GlobalSection(SolutionProperties) = preSolution
		HideSolutionNode = FALSE
	EndGlobalSection
EndGlobal
