<?xml version="1.0" encoding="utf-8"?>
<Project ToolsVersion="4.0" xmlns="http://schemas.microsoft.com/developer/msbuild/2003">
  <ItemGroup>
    <Filter Include="Editor">
      <UniqueIdentifier>{8f6ee35c-f5fe-46d5-ae38-b7af1e50c40d}</UniqueIdentifier>
    </Filter>
    <Filter Include="Entities">
      <UniqueIdentifier>{0693f4c4-ce6a-4398-9017-9e7276b37f08}</UniqueIdentifier>
    </Filter>
    <Filter Include="Flownodes">
      <UniqueIdentifier>{350b86a2-0046-4398-8ad9-57ca1bf06452}</UniqueIdentifier>
    </Filter>
    <Filter Include="Game">
      <UniqueIdentifier>{250df9da-f54a-49ba-a01c-1a9bac3cae90}</UniqueIdentifier>
    </Filter>
    <Filter Include="Player">
      <UniqueIdentifier>{6c7a8d2c-cf89-4f89-b2d8-3ad0d93b61c3}</UniqueIdentifier>
    </Filter>
    <Filter Include="Startup">
      <UniqueIdentifier>{84965af8-f7da-44cc-b176-5c0878d593b3}</UniqueIdentifier>
    </Filter>
    <Filter Include="Player\Extensions">
      <UniqueIdentifier>{83849618-b02e-4227-affe-37083c825fbc}</UniqueIdentifier>
    </Filter>
  </ItemGroup>
  <ItemGroup>
    <ClCompile Include="..\GameDll\StdAfx.cpp" />
    <ClCompile Include="..\GameDll\editor\EditorGame.cpp">
      <Filter>Editor</Filter>
    </ClCompile>
    <ClCompile Include="..\GameDll\entities\GeomEntity.cpp">
      <Filter>Entities</Filter>
    </ClCompile>
    <ClCompile Include="..\GameDll\flownodes\FlowGameEntityNode.cpp">
      <Filter>Flownodes</Filter>
    </ClCompile>
    <ClCompile Include="..\GameDll\game\Game.cpp">
      <Filter>Game</Filter>
    </ClCompile>
    <ClCompile Include="..\GameDll\game\GameFactory.cpp">
      <Filter>Game</Filter>
    </ClCompile>
    <ClCompile Include="..\GameDll\game\GameRules.cpp">
      <Filter>Game</Filter>
    </ClCompile>
    <ClCompile Include="..\GameDll\player\Player.cpp">
      <Filter>Player</Filter>
    </ClCompile>
    <ClCompile Include="..\GameDll\player\extensions\ViewExtension.cpp">
      <Filter>Player\Extensions</Filter>
    </ClCompile>
    <ClCompile Include="..\GameDll\startup\GameStartup.cpp">
      <Filter>Startup</Filter>
    </ClCompile>
    <ClCompile Include="..\GameDll\Main.cpp" />
  </ItemGroup>
  <ItemGroup>
    <ClInclude Include="..\GameDll\StdAfx.h" />
    <ClInclude Include="..\GameDll\editor\EditorGame.h">
      <Filter>Editor</Filter>
    </ClInclude>
    <ClInclude Include="..\GameDll\entities\GeomEntity.h">
      <Filter>Entities</Filter>
    </ClInclude>
    <ClInclude Include="..\GameDll\flownodes\FlowBaseNode.h">
      <Filter>Flownodes</Filter>
    </ClInclude>
    <ClInclude Include="..\GameDll\flownodes\FlowGameEntityNode.h">
      <Filter>Flownodes</Filter>
    </ClInclude>
    <ClInclude Include="..\GameDll\game\Game.h">
      <Filter>Game</Filter>
    </ClInclude>
    <ClInclude Include="..\GameDll\game\GameFactory.h">
      <Filter>Game</Filter>
    </ClInclude>
    <ClInclude Include="..\GameDll\game\GameRules.h">
      <Filter>Game</Filter>
    </ClInclude>
    <ClInclude Include="..\GameDll\player\Player.h">
      <Filter>Player</Filter>
    </ClInclude>
    <ClInclude Include="..\GameDll\player\extensions\ISimpleExtension.h">
      <Filter>Player\Extensions</Filter>
    </ClInclude>
    <ClInclude Include="..\GameDll\player\extensions\ViewExtension.h">
      <Filter>Player\Extensions</Filter>
    </ClInclude>
    <ClInclude Include="..\GameDll\startup\GameStartup.h">
      <Filter>Startup</Filter>
    </ClInclude>
  </ItemGroup>
</Project>