
Microsoft Visual Studio Solution File, Format Version 12.00
# Visual Studio 2012
Project("{FAE04EC0-301F-11D3-BF4B-00C04F79EFBC}") = "MonoDevelop.FileUtilities", "MonoDevelop.FileUtilities\MonoDevelop.FileUtilities.csproj", "{563AB3E4-1D02-42E9-B428-1EA401C27DEF}"
EndProject
Global
	GlobalSection(SolutionConfigurationPlatforms) = preSolution
		Debug|Any CPU = Debug|Any CPU
		Release|Any CPU = Release|Any CPU
	EndGlobalSection
	GlobalSection(ProjectConfigurationPlatforms) = postSolution
		{563AB3E4-1D02-42E9-B428-1EA401C27DEF}.Debug|Any CPU.ActiveCfg = Debug|Any CPU
		{563AB3E4-1D02-42E9-B428-1EA401C27DEF}.Debug|Any CPU.Build.0 = Debug|Any CPU
		{563AB3E4-1D02-42E9-B428-1EA401C27DEF}.Release|Any CPU.ActiveCfg = Release|Any CPU
		{563AB3E4-1D02-42E9-B428-1EA401C27DEF}.Release|Any CPU.Build.0 = Release|Any CPU
	EndGlobalSection
EndGlobal
